<?xml version="1.0" encoding="utf-8"?>
<Project ToolsVersion="4.0" xmlns="http://schemas.microsoft.com/developer/msbuild/2003">
  <ItemGroup>
    <Filter Include="integration">
      <UniqueIdentifier>{2bb539b3-69f0-48d7-9b0d-f99bf08f3970}</UniqueIdentifier>
    </Filter>
    <Filter Include="wfp">
      <UniqueIdentifier>{22e5eafa-5221-4399-a3ed-bfd1e7b0a110}</UniqueIdentifier>
    </Filter>
  </ItemGroup>
  <ItemGroup>
    <ClCompile Include="wfp\layerconditions.cpp">
      <Filter>wfp</Filter>
    </ClCompile>
    <ClCompile Include="integration\transaction.cpp">
      <Filter>integration</Filter>
    </ClCompile>
    <ClCompile Include="ncat.cpp" />
    <ClCompile Include="stdafx.cpp" />
    <ClCompile Include="wfp\ipaddress.cpp">
      <Filter>wfp</Filter>
    </ClCompile>
    <ClCompile Include="integration\operations.cpp">
      <Filter>integration</Filter>
    </ClCompile>
  </ItemGroup>
  <ItemGroup>
    <ClInclude Include="ncat.h" />
    <ClInclude Include="stdafx.h" />
    <ClInclude Include="targetver.h" />
  </ItemGroup>
</Project>